
Microsoft Visual Studio Solution File, Format Version 12.00
# Visual Studio Version 17
VisualStudioVersion = 17.10.35027.167
MinimumVisualStudioVersion = 10.0.40219.1
Project("{F184B08F-C81C-45F6-A57F-5ABD9991F28F}") = "TestProject1", "TestProject1\TestProject1.vbproj", "{F3BBA2F8-B240-4F8A-B96E-E364C96D3ACF}"
EndProject
Global
	GlobalSection(SolutionConfigurationPlatforms) = preSolution
		Debug|Any CPU = Debug|Any CPU
		Release|Any CPU = Release|Any CPU
	EndGlobalSection
	GlobalSection(ProjectConfigurationPlatforms) = postSolution
		{F3BBA2F8-B240-4F8A-B96E-E364C96D3ACF}.Debug|Any CPU.ActiveCfg = Debug|Any CPU
		{F3BBA2F8-B240-4F8A-B96E-E364C96D3ACF}.Debug|Any CPU.Build.0 = Debug|Any CPU
		{F3BBA2F8-B240-4F8A-B96E-E364C96D3ACF}.Release|Any CPU.ActiveCfg = Release|Any CPU
		{F3BBA2F8-B240-4F8A-B96E-E364C96D3ACF}.Release|Any CPU.Build.0 = Release|Any CPU
	EndGlobalSection
	GlobalSection(SolutionProperties) = preSolution
		HideSolutionNode = FALSE
	EndGlobalSection
	GlobalSection(ExtensibilityGlobals) = postSolution
		SolutionGuid = {B7002E43-BF87-444F-9FA3-A6786FBCE1DE}
	EndGlobalSection
EndGlobal
